// !$*UTF8*$!
{
	archiveVersion = 1;
	classes = {
	};
	objectVersion = 74;
	objects = {

/* Begin PBXBuildFile section */
		F23802222E7FC3DC008BD4E5 /* CombineMoya in Frameworks */ = {isa = PBXBuildFile; productRef = F23802212E7FC3DC008BD4E5 /* CombineMoya */; };
		F23802242E7FC3DC008BD4E5 /* Moya in Frameworks */ = {isa = PBXBuildFile; productRef = F23802232E7FC3DC008BD4E5 /* Moya */; };
		F23802272E7FC3F0008BD4E5 /* Factory in Frameworks */ = {isa = PBXBuildFile; productRef = F23802262E7FC3F0008BD4E5 /* Factory */; };
		F23802292E7FC3F0008BD4E5 /* FactoryKit in Frameworks */ = {isa = PBXBuildFile; productRef = F23802282E7FC3F0008BD4E5 /* FactoryKit */; };
		F23808782E80FB2F008BD4E5 /* SDWebImage in Frameworks */ = {isa = PBXBuildFile; productRef = F23808772E80FB2F008BD4E5 /* SDWebImage */; };
/* End PBXBuildFile section */

/* Begin PBXContainerItemProxy section */
		79A41CF52C10103700910974 /* PBXContainerItemProxy */ = {
			isa = PBXContainerItemProxy;
			containerPortal = 79A41CD32C10103500910974 /* Project object */;
			proxyType = 1;
			remoteGlobalIDString = 79A41CDA2C10103500910974;
			remoteInfo = "trending-movie-ios";
		};
		79A41CFF2C10103700910974 /* PBXContainerItemProxy */ = {
			isa = PBXContainerItemProxy;
			containerPortal = 79A41CD32C10103500910974 /* Project object */;
			proxyType = 1;
			remoteGlobalIDString = 79A41CDA2C10103500910974;
			remoteInfo = "trending-movie-ios";
		};
/* End PBXContainerItemProxy section */

/* Begin PBXFileReference section */
		79A41CDB2C10103500910974 /* trending-movie-ios.app */ = {isa = PBXFileReference; explicitFileType = wrapper.application; includeInIndex = 0; path = "trending-movie-ios.app"; sourceTree = BUILT_PRODUCTS_DIR; };
		79A41CF42C10103700910974 /* trending-movie-iosTests.xctest */ = {isa = PBXFileReference; explicitFileType = wrapper.cfbundle; includeInIndex = 0; path = "trending-movie-iosTests.xctest"; sourceTree = BUILT_PRODUCTS_DIR; };
		79A41CFE2C10103700910974 /* trending-movie-iosUITests.xctest */ = {isa = PBXFileReference; explicitFileType = wrapper.cfbundle; includeInIndex = 0; path = "trending-movie-iosUITests.xctest"; sourceTree = BUILT_PRODUCTS_DIR; };
/* End PBXFileReference section */

/* Begin PBXFileSystemSynchronizedBuildFileExceptionSet section */
		F2CBA7002E7FAE170018F853 /* PBXFileSystemSynchronizedBuildFileExceptionSet */ = {
			isa = PBXFileSystemSynchronizedBuildFileExceptionSet;
			membershipExceptions = (
				/Localized/LaunchScreen.storyboard,
				/Localized/Main.storyboard,
				Info.plist,
			);
			target = 79A41CDA2C10103500910974 /* trending-movie-ios */;
		};
		F2CBA7022E7FAE170018F853 /* PBXFileSystemSynchronizedBuildFileExceptionSet */ = {
			isa = PBXFileSystemSynchronizedBuildFileExceptionSet;
			membershipExceptions = (
				Presentation/Utils/AccessibilityIdentifier.swift,
			);
			target = 79A41CF32C10103700910974 /* trending-movie-iosTests */;
		};
		F2CBA7032E7FAE170018F853 /* PBXFileSystemSynchronizedBuildFileExceptionSet */ = {
			isa = PBXFileSystemSynchronizedBuildFileExceptionSet;
			membershipExceptions = (
				Presentation/Utils/AccessibilityIdentifier.swift,
			);
			target = 79A41CFD2C10103700910974 /* trending-movie-iosUITests */;
		};
/* End PBXFileSystemSynchronizedBuildFileExceptionSet section */

/* Begin PBXFileSystemSynchronizedGroupBuildPhaseMembershipExceptionSet section */
		F2CBA7012E7FAE170018F853 /* PBXFileSystemSynchronizedGroupBuildPhaseMembershipExceptionSet */ = {
			isa = PBXFileSystemSynchronizedGroupBuildPhaseMembershipExceptionSet;
			buildPhase = 79A41CD92C10103500910974 /* Resources */;
			membershipExceptions = (
				Base.lproj/LaunchScreen.storyboard,
				Base.lproj/Main.storyboard,
			);
		};
/* End PBXFileSystemSynchronizedGroupBuildPhaseMembershipExceptionSet section */

/* Begin PBXFileSystemSynchronizedRootGroup section */
		F2CBA6B42E7FAE170018F853 /* trending-movie-ios */ = {isa = PBXFileSystemSynchronizedRootGroup; exceptions = (F2CBA7002E7FAE170018F853 /* PBXFileSystemSynchronizedBuildFileExceptionSet */, F2CBA7012E7FAE170018F853 /* PBXFileSystemSynchronizedGroupBuildPhaseMembershipExceptionSet */, F2CBA7022E7FAE170018F853 /* PBXFileSystemSynchronizedBuildFileExceptionSet */, F2CBA7032E7FAE170018F853 /* PBXFileSystemSynchronizedBuildFileExceptionSet */, ); explicitFileTypes = {}; explicitFolders = (); path = "trending-movie-ios"; sourceTree = "<group>"; };
		F2CBA7052E7FAE220018F853 /* trending-movie-iosUITests */ = {isa = PBXFileSystemSynchronizedRootGroup; explicitFileTypes = {}; explicitFolders = (); path = "trending-movie-iosUITests"; sourceTree = "<group>"; };
		F2CBA71B2E7FAE220018F853 /* trending-movie-iosTests */ = {isa = PBXFileSystemSynchronizedRootGroup; explicitFileTypes = {}; explicitFolders = (); path = "trending-movie-iosTests"; sourceTree = "<group>"; };
/* End PBXFileSystemSynchronizedRootGroup section */

/* Begin PBXFrameworksBuildPhase section */
		79A41CD82C10103500910974 /* Frameworks */ = {
			isa = PBXFrameworksBuildPhase;
			buildActionMask = 2147483647;
			files = (
				F23802272E7FC3F0008BD4E5 /* Factory in Frameworks */,
				F23802242E7FC3DC008BD4E5 /* Moya in Frameworks */,
				F23802292E7FC3F0008BD4E5 /* FactoryKit in Frameworks */,
				F23802222E7FC3DC008BD4E5 /* CombineMoya in Frameworks */,
				F23808782E80FB2F008BD4E5 /* SDWebImage in Frameworks */,
			);
			runOnlyForDeploymentPostprocessing = 0;
		};
		79A41CF12C10103700910974 /* Frameworks */ = {
			isa = PBXFrameworksBuildPhase;
			buildActionMask = 2147483647;
			files = (
			);
			runOnlyForDeploymentPostprocessing = 0;
		};
		79A41CFB2C10103700910974 /* Frameworks */ = {
			isa = PBXFrameworksBuildPhase;
			buildActionMask = 2147483647;
			files = (
			);
			runOnlyForDeploymentPostprocessing = 0;
		};
/* End PBXFrameworksBuildPhase section */

/* Begin PBXGroup section */
		79A41CD22C10103500910974 = {
			isa = PBXGroup;
			children = (
				F2CBA6B42E7FAE170018F853 /* trending-movie-ios */,
				F2CBA71B2E7FAE220018F853 /* trending-movie-iosTests */,
				F2CBA7052E7FAE220018F853 /* trending-movie-iosUITests */,
				79A41CDC2C10103500910974 /* Products */,
			);
			sourceTree = "<group>";
		};
		79A41CDC2C10103500910974 /* Products */ = {
			isa = PBXGroup;
			children = (
				79A41CDB2C10103500910974 /* trending-movie-ios.app */,
				79A41CF42C10103700910974 /* trending-movie-iosTests.xctest */,
				79A41CFE2C10103700910974 /* trending-movie-iosUITests.xctest */,
			);
			name = Products;
			sourceTree = "<group>";
		};
/* End PBXGroup section */

/* Begin PBXNativeTarget section */
		79A41CDA2C10103500910974 /* trending-movie-ios */ = {
			isa = PBXNativeTarget;
			buildConfigurationList = 79A41D082C10103700910974 /* Build configuration list for PBXNativeTarget "trending-movie-ios" */;
			buildPhases = (
				79A41CD72C10103500910974 /* Sources */,
				79A41CD82C10103500910974 /* Frameworks */,
				79A41CD92C10103500910974 /* Resources */,
			);
			buildRules = (
			);
			dependencies = (
			);
			fileSystemSynchronizedGroups = (
				F2CBA6B42E7FAE170018F853 /* trending-movie-ios */,
			);
			name = "trending-movie-ios";
			packageProductDependencies = (
				F23802212E7FC3DC008BD4E5 /* CombineMoya */,
				F23802232E7FC3DC008BD4E5 /* Moya */,
				F23802262E7FC3F0008BD4E5 /* Factory */,
				F23802282E7FC3F0008BD4E5 /* FactoryKit */,
				F23808772E80FB2F008BD4E5 /* SDWebImage */,
			);
			productName = "trending-movie-ios";
			productReference = 79A41CDB2C10103500910974 /* trending-movie-ios.app */;
			productType = "com.apple.product-type.application";
		};
		79A41CF32C10103700910974 /* trending-movie-iosTests */ = {
			isa = PBXNativeTarget;
			buildConfigurationList = 79A41D0B2C10103700910974 /* Build configuration list for PBXNativeTarget "trending-movie-iosTests" */;
			buildPhases = (
				79A41CF02C10103700910974 /* Sources */,
				79A41CF12C10103700910974 /* Frameworks */,
				79A41CF22C10103700910974 /* Resources */,
			);
			buildRules = (
			);
			dependencies = (
				79A41CF62C10103700910974 /* PBXTargetDependency */,
			);
			fileSystemSynchronizedGroups = (
				F2CBA71B2E7FAE220018F853 /* trending-movie-iosTests */,
			);
			name = "trending-movie-iosTests";
			productName = "trending-movie-iosTests";
			productReference = 79A41CF42C10103700910974 /* trending-movie-iosTests.xctest */;
			productType = "com.apple.product-type.bundle.unit-test";
		};
		79A41CFD2C10103700910974 /* trending-movie-iosUITests */ = {
			isa = PBXNativeTarget;
			buildConfigurationList = 79A41D0E2C10103700910974 /* Build configuration list for PBXNativeTarget "trending-movie-iosUITests" */;
			buildPhases = (
				79A41CFA2C10103700910974 /* Sources */,
				79A41CFB2C10103700910974 /* Frameworks */,
				79A41CFC2C10103700910974 /* Resources */,
			);
			buildRules = (
			);
			dependencies = (
				79A41D002C10103700910974 /* PBXTargetDependency */,
			);
			fileSystemSynchronizedGroups = (
				F2CBA7052E7FAE220018F853 /* trending-movie-iosUITests */,
			);
			name = "trending-movie-iosUITests";
			productName = "trending-movie-iosUITests";
			productReference = 79A41CFE2C10103700910974 /* trending-movie-iosUITests.xctest */;
			productType = "com.apple.product-type.bundle.ui-testing";
		};
/* End PBXNativeTarget section */

/* Begin PBXProject section */
		79A41CD32C10103500910974 /* Project object */ = {
			isa = PBXProject;
			attributes = {
				BuildIndependentTargetsInParallel = 1;
				LastSwiftUpdateCheck = 1540;
				LastUpgradeCheck = 1540;
				TargetAttributes = {
					79A41CDA2C10103500910974 = {
						CreatedOnToolsVersion = 15.4;
					};
					79A41CF32C10103700910974 = {
						CreatedOnToolsVersion = 15.4;
						TestTargetID = 79A41CDA2C10103500910974;
					};
					79A41CFD2C10103700910974 = {
						CreatedOnToolsVersion = 15.4;
						TestTargetID = 79A41CDA2C10103500910974;
					};
				};
			};
			buildConfigurationList = 79A41CD62C10103500910974 /* Build configuration list for PBXProject "trending-movie-ios" */;
			developmentRegion = en;
			hasScannedForEncodings = 0;
			knownRegions = (
				en,
				Base,
			);
			mainGroup = 79A41CD22C10103500910974;
			packageReferences = (
				F23802202E7FC3DC008BD4E5 /* XCRemoteSwiftPackageReference "Moya" */,
				F23802252E7FC3F0008BD4E5 /* XCRemoteSwiftPackageReference "Factory" */,
				F23808762E80FB2E008BD4E5 /* XCRemoteSwiftPackageReference "SDWebImage" */,
			);
			preferredProjectObjectVersion = 56;
			productRefGroup = 79A41CDC2C10103500910974 /* Products */;
			projectDirPath = "";
			projectRoot = "";
			targets = (
				79A41CDA2C10103500910974 /* trending-movie-ios */,
				79A41CF32C10103700910974 /* trending-movie-iosTests */,
				79A41CFD2C10103700910974 /* trending-movie-iosUITests */,
			);
		};
/* End PBXProject section */

/* Begin PBXResourcesBuildPhase section */
		79A41CD92C10103500910974 /* Resources */ = {
			isa = PBXResourcesBuildPhase;
			buildActionMask = 2147483647;
			files = (
			);
			runOnlyForDeploymentPostprocessing = 0;
		};
		79A41CF22C10103700910974 /* Resources */ = {
			isa = PBXResourcesBuildPhase;
			buildActionMask = 2147483647;
			files = (
			);
			runOnlyForDeploymentPostprocessing = 0;
		};
		79A41CFC2C10103700910974 /* Resources */ = {
			isa = PBXResourcesBuildPhase;
			buildActionMask = 2147483647;
			files = (
			);
			runOnlyForDeploymentPostprocessing = 0;
		};
/* End PBXResourcesBuildPhase section */

/* Begin PBXSourcesBuildPhase section */
		79A41CD72C10103500910974 /* Sources */ = {
			isa = PBXSourcesBuildPhase;
			buildActionMask = 2147483647;
			files = (
			);
			runOnlyForDeploymentPostprocessing = 0;
		};
		79A41CF02C10103700910974 /* Sources */ = {
			isa = PBXSourcesBuildPhase;
			buildActionMask = 2147483647;
			files = (
			);
			runOnlyForDeploymentPostprocessing = 0;
		};
		79A41CFA2C10103700910974 /* Sources */ = {
			isa = PBXSourcesBuildPhase;
			buildActionMask = 2147483647;
			files = (
			);
			runOnlyForDeploymentPostprocessing = 0;
		};
/* End PBXSourcesBuildPhase section */

/* Begin PBXTargetDependency section */
		79A41CF62C10103700910974 /* PBXTargetDependency */ = {
			isa = PBXTargetDependency;
			target = 79A41CDA2C10103500910974 /* trending-movie-ios */;
			targetProxy = 79A41CF52C10103700910974 /* PBXContainerItemProxy */;
		};
		79A41D002C10103700910974 /* PBXTargetDependency */ = {
			isa = PBXTargetDependency;
			target = 79A41CDA2C10103500910974 /* trending-movie-ios */;
			targetProxy = 79A41CFF2C10103700910974 /* PBXContainerItemProxy */;
		};
/* End PBXTargetDependency section */

/* Begin XCBuildConfiguration section */
		79A41D062C10103700910974 /* Debug */ = {
			isa = XCBuildConfiguration;
			buildSettings = {
				ALWAYS_SEARCH_USER_PATHS = NO;
				API_BASE_URL = "http://api.themoviedb.org";
				API_KEY = 2696829a81b1b5827d515ff121700838;
				ASSETCATALOG_COMPILER_GENERATE_SWIFT_ASSET_SYMBOL_EXTENSIONS = YES;
				CLANG_ANALYZER_NONNULL = YES;
				CLANG_ANALYZER_NUMBER_OBJECT_CONVERSION = YES_AGGRESSIVE;
				CLANG_CXX_LANGUAGE_STANDARD = "gnu++20";
				CLANG_ENABLE_MODULES = YES;
				CLANG_ENABLE_OBJC_ARC = YES;
				CLANG_ENABLE_OBJC_WEAK = YES;
				CLANG_WARN_BLOCK_CAPTURE_AUTORELEASING = YES;
				CLANG_WARN_BOOL_CONVERSION = YES;
				CLANG_WARN_COMMA = YES;
				CLANG_WARN_CONSTANT_CONVERSION = YES;
				CLANG_WARN_DEPRECATED_OBJC_IMPLEMENTATIONS = YES;
				CLANG_WARN_DIRECT_OBJC_ISA_USAGE = YES_ERROR;
				CLANG_WARN_DOCUMENTATION_COMMENTS = YES;
				CLANG_WARN_EMPTY_BODY = YES;
				CLANG_WARN_ENUM_CONVERSION = YES;
				CLANG_WARN_INFINITE_RECURSION = YES;
				CLANG_WARN_INT_CONVERSION = YES;
				CLANG_WARN_NON_LITERAL_NULL_CONVERSION = YES;
				CLANG_WARN_OBJC_IMPLICIT_RETAIN_SELF = YES;
				CLANG_WARN_OBJC_LITERAL_CONVERSION = YES;
				CLANG_WARN_OBJC_ROOT_CLASS = YES_ERROR;
				CLANG_WARN_QUOTED_INCLUDE_IN_FRAMEWORK_HEADER = YES;
				CLANG_WARN_RANGE_LOOP_ANALYSIS = YES;
				CLANG_WARN_STRICT_PROTOTYPES = YES;
				CLANG_WARN_SUSPICIOUS_MOVE = YES;
				CLANG_WARN_UNGUARDED_AVAILABILITY = YES_AGGRESSIVE;
				CLANG_WARN_UNREACHABLE_CODE = YES;
				CLANG_WARN__DUPLICATE_METHOD_MATCH = YES;
				COPY_PHASE_STRIP = NO;
				DEBUG_INFORMATION_FORMAT = dwarf;
				ENABLE_STRICT_OBJC_MSGSEND = YES;
				ENABLE_TESTABILITY = YES;
				ENABLE_USER_SCRIPT_SANDBOXING = YES;
				GCC_C_LANGUAGE_STANDARD = gnu17;
				GCC_DYNAMIC_NO_PIC = NO;
				GCC_NO_COMMON_BLOCKS = YES;
				GCC_OPTIMIZATION_LEVEL = 0;
				GCC_PREPROCESSOR_DEFINITIONS = (
					"DEBUG=1",
					"$(inherited)",
				);
				GCC_WARN_64_TO_32_BIT_CONVERSION = YES;
				GCC_WARN_ABOUT_RETURN_TYPE = YES_ERROR;
				GCC_WARN_UNDECLARED_SELECTOR = YES;
				GCC_WARN_UNINITIALIZED_AUTOS = YES_AGGRESSIVE;
				GCC_WARN_UNUSED_FUNCTION = YES;
				GCC_WARN_UNUSED_VARIABLE = YES;
				IMAGE_BASE_URL = "http://image.tmdb.org";
				IPHONEOS_DEPLOYMENT_TARGET = 14.0;
				LOCALIZATION_PREFERS_STRING_CATALOGS = YES;
				MTL_ENABLE_DEBUG_INFO = INCLUDE_SOURCE;
				MTL_FAST_MATH = YES;
				ONLY_ACTIVE_ARCH = YES;
				SDKROOT = iphoneos;
				SWIFT_ACTIVE_COMPILATION_CONDITIONS = "DEBUG $(inherited)";
				SWIFT_OPTIMIZATION_LEVEL = "-Onone";
			};
			name = Debug;
		};
		79A41D072C10103700910974 /* Release */ = {
			isa = XCBuildConfiguration;
			buildSettings = {
				ALWAYS_SEARCH_USER_PATHS = NO;
				API_BASE_URL = "http://api.themoviedb.org";
				API_KEY = 2696829a81b1b5827d515ff121700838;
				ASSETCATALOG_COMPILER_GENERATE_SWIFT_ASSET_SYMBOL_EXTENSIONS = YES;
				CLANG_ANALYZER_NONNULL = YES;
				CLANG_ANALYZER_NUMBER_OBJECT_CONVERSION = YES_AGGRESSIVE;
				CLANG_CXX_LANGUAGE_STANDARD = "gnu++20";
				CLANG_ENABLE_MODULES = YES;
				CLANG_ENABLE_OBJC_ARC = YES;
				CLANG_ENABLE_OBJC_WEAK = YES;
				CLANG_WARN_BLOCK_CAPTURE_AUTORELEASING = YES;
				CLANG_WARN_BOOL_CONVERSION = YES;
				CLANG_WARN_COMMA = YES;
				CLANG_WARN_CONSTANT_CONVERSION = YES;
				CLANG_WARN_DEPRECATED_OBJC_IMPLEMENTATIONS = YES;
				CLANG_WARN_DIRECT_OBJC_ISA_USAGE = YES_ERROR;
				CLANG_WARN_DOCUMENTATION_COMMENTS = YES;
				CLANG_WARN_EMPTY_BODY = YES;
				CLANG_WARN_ENUM_CONVERSION = YES;
				CLANG_WARN_INFINITE_RECURSION = YES;
				CLANG_WARN_INT_CONVERSION = YES;
				CLANG_WARN_NON_LITERAL_NULL_CONVERSION = YES;
				CLANG_WARN_OBJC_IMPLICIT_RETAIN_SELF = YES;
				CLANG_WARN_OBJC_LITERAL_CONVERSION = YES;
				CLANG_WARN_OBJC_ROOT_CLASS = YES_ERROR;
				CLANG_WARN_QUOTED_INCLUDE_IN_FRAMEWORK_HEADER = YES;
				CLANG_WARN_RANGE_LOOP_ANALYSIS = YES;
				CLANG_WARN_STRICT_PROTOTYPES = YES;
				CLANG_WARN_SUSPICIOUS_MOVE = YES;
				CLANG_WARN_UNGUARDED_AVAILABILITY = YES_AGGRESSIVE;
				CLANG_WARN_UNREACHABLE_CODE = YES;
				CLANG_WARN__DUPLICATE_METHOD_MATCH = YES;
				COPY_PHASE_STRIP = NO;
				DEBUG_INFORMATION_FORMAT = "dwarf-with-dsym";
				ENABLE_NS_ASSERTIONS = NO;
				ENABLE_STRICT_OBJC_MSGSEND = YES;
				ENABLE_USER_SCRIPT_SANDBOXING = YES;
				GCC_C_LANGUAGE_STANDARD = gnu17;
				GCC_NO_COMMON_BLOCKS = YES;
				GCC_WARN_64_TO_32_BIT_CONVERSION = YES;
				GCC_WARN_ABOUT_RETURN_TYPE = YES_ERROR;
				GCC_WARN_UNDECLARED_SELECTOR = YES;
				GCC_WARN_UNINITIALIZED_AUTOS = YES_AGGRESSIVE;
				GCC_WARN_UNUSED_FUNCTION = YES;
				GCC_WARN_UNUSED_VARIABLE = YES;
				IMAGE_BASE_URL = "http://image.tmdb.org";
				IPHONEOS_DEPLOYMENT_TARGET = 14.0;
				LOCALIZATION_PREFERS_STRING_CATALOGS = YES;
				MTL_ENABLE_DEBUG_INFO = NO;
				MTL_FAST_MATH = YES;
				SDKROOT = iphoneos;
				SWIFT_COMPILATION_MODE = wholemodule;
				VALIDATE_PRODUCT = YES;
			};
			name = Release;
		};
		79A41D092C10103700910974 /* Debug */ = {
			isa = XCBuildConfiguration;
			buildSettings = {
				API_KEY = 47aa75b56464da7a186b813a50035cd4;
				ASSETCATALOG_COMPILER_APPICON_NAME = AppIcon;
				ASSETCATALOG_COMPILER_GLOBAL_ACCENT_COLOR_NAME = AccentColor;
				CODE_SIGN_STYLE = Automatic;
				CURRENT_PROJECT_VERSION = 1;
				DEVELOPMENT_TEAM = K2TYLYAWMK;
				GENERATE_INFOPLIST_FILE = YES;
				INFOPLIST_FILE = "trending-movie-ios/Info.plist";
				INFOPLIST_KEY_CFBundleDisplayName = "Trending Movie";
				INFOPLIST_KEY_LSApplicationCategoryType = "public.app-category.entertainment";
				INFOPLIST_KEY_UIApplicationSupportsIndirectInputEvents = YES;
				INFOPLIST_KEY_UILaunchStoryboardName = LaunchScreen;
				INFOPLIST_KEY_UIMainStoryboardFile = Main;
				INFOPLIST_KEY_UISupportedInterfaceOrientations = UIInterfaceOrientationPortrait;
				IPHONEOS_DEPLOYMENT_TARGET = 15.6;
				LD_RUNPATH_SEARCH_PATHS = (
					"$(inherited)",
					"@executable_path/Frameworks",
				);
				MARKETING_VERSION = 1.0;
				PRODUCT_BUNDLE_IDENTIFIER = "com.trending.movie.trending-movie-ios";
				PRODUCT_NAME = "$(TARGET_NAME)";
				SUPPORTED_PLATFORMS = "iphoneos iphonesimulator";
				SUPPORTS_MACCATALYST = NO;
				SUPPORTS_MAC_DESIGNED_FOR_IPHONE_IPAD = NO;
				SUPPORTS_XR_DESIGNED_FOR_IPHONE_IPAD = NO;
				SWIFT_EMIT_LOC_STRINGS = YES;
				SWIFT_VERSION = 5.0;
				TARGETED_DEVICE_FAMILY = "1,2";
			};
			name = Debug;
		};
		79A41D0A2C10103700910974 /* Release */ = {
			isa = XCBuildConfiguration;
			buildSettings = {
				API_KEY = 47aa75b56464da7a186b813a50035cd4;
				ASSETCATALOG_COMPILER_APPICON_NAME = AppIcon;
				ASSETCATALOG_COMPILER_GLOBAL_ACCENT_COLOR_NAME = AccentColor;
				CODE_SIGN_STYLE = Automatic;
				CURRENT_PROJECT_VERSION = 1;
				DEVELOPMENT_TEAM = K2TYLYAWMK;
				GENERATE_INFOPLIST_FILE = YES;
				INFOPLIST_FILE = "trending-movie-ios/Info.plist";
				INFOPLIST_KEY_CFBundleDisplayName = "Trending Movie";
				INFOPLIST_KEY_LSApplicationCategoryType = "public.app-category.entertainment";
				INFOPLIST_KEY_UIApplicationSupportsIndirectInputEvents = YES;
				INFOPLIST_KEY_UILaunchStoryboardName = LaunchScreen;
				INFOPLIST_KEY_UIMainStoryboardFile = Main;
				INFOPLIST_KEY_UISupportedInterfaceOrientations = UIInterfaceOrientationPortrait;
				IPHONEOS_DEPLOYMENT_TARGET = 15.6;
				LD_RUNPATH_SEARCH_PATHS = (
					"$(inherited)",
					"@executable_path/Frameworks",
				);
				MARKETING_VERSION = 1.0;
				PRODUCT_BUNDLE_IDENTIFIER = "com.trending.movie.trending-movie-ios";
				PRODUCT_NAME = "$(TARGET_NAME)";
				SUPPORTED_PLATFORMS = "iphoneos iphonesimulator";
				SUPPORTS_MACCATALYST = NO;
				SUPPORTS_MAC_DESIGNED_FOR_IPHONE_IPAD = NO;
				SUPPORTS_XR_DESIGNED_FOR_IPHONE_IPAD = NO;
				SWIFT_EMIT_LOC_STRINGS = YES;
				SWIFT_VERSION = 5.0;
				TARGETED_DEVICE_FAMILY = "1,2";
			};
			name = Release;
		};
		79A41D0C2C10103700910974 /* Debug */ = {
			isa = XCBuildConfiguration;
			buildSettings = {
				BUNDLE_LOADER = "$(TEST_HOST)";
				CODE_SIGN_STYLE = Automatic;
				CURRENT_PROJECT_VERSION = 1;
				DEVELOPMENT_TEAM = K2TYLYAWMK;
				GENERATE_INFOPLIST_FILE = YES;
				IPHONEOS_DEPLOYMENT_TARGET = 14.0;
				MARKETING_VERSION = 1.0;
				PRODUCT_BUNDLE_IDENTIFIER = "com.trending.movie.trending-movie-iosTests";
				PRODUCT_NAME = "$(TARGET_NAME)";
				SUPPORTED_PLATFORMS = "iphoneos iphonesimulator";
				SUPPORTS_MACCATALYST = NO;
				SUPPORTS_MAC_DESIGNED_FOR_IPHONE_IPAD = NO;
				SUPPORTS_XR_DESIGNED_FOR_IPHONE_IPAD = NO;
				SWIFT_EMIT_LOC_STRINGS = NO;
				SWIFT_VERSION = 5.0;
				TARGETED_DEVICE_FAMILY = 1;
				TEST_HOST = "$(BUILT_PRODUCTS_DIR)/trending-movie-ios.app/$(BUNDLE_EXECUTABLE_FOLDER_PATH)/trending-movie-ios";
			};
			name = Debug;
		};
		79A41D0D2C10103700910974 /* Release */ = {
			isa = XCBuildConfiguration;
			buildSettings = {
				BUNDLE_LOADER = "$(TEST_HOST)";
				CODE_SIGN_STYLE = Automatic;
				CURRENT_PROJECT_VERSION = 1;
				DEVELOPMENT_TEAM = K2TYLYAWMK;
				GENERATE_INFOPLIST_FILE = YES;
				IPHONEOS_DEPLOYMENT_TARGET = 14.0;
				MARKETING_VERSION = 1.0;
				PRODUCT_BUNDLE_IDENTIFIER = "com.trending.movie.trending-movie-iosTests";
				PRODUCT_NAME = "$(TARGET_NAME)";
				SUPPORTED_PLATFORMS = "iphoneos iphonesimulator";
				SUPPORTS_MACCATALYST = NO;
				SUPPORTS_MAC_DESIGNED_FOR_IPHONE_IPAD = NO;
				SUPPORTS_XR_DESIGNED_FOR_IPHONE_IPAD = NO;
				SWIFT_EMIT_LOC_STRINGS = NO;
				SWIFT_VERSION = 5.0;
				TARGETED_DEVICE_FAMILY = 1;
				TEST_HOST = "$(BUILT_PRODUCTS_DIR)/trending-movie-ios.app/$(BUNDLE_EXECUTABLE_FOLDER_PATH)/trending-movie-ios";
			};
			name = Release;
		};
		79A41D0F2C10103700910974 /* Debug */ = {
			isa = XCBuildConfiguration;
			buildSettings = {
				CODE_SIGN_STYLE = Automatic;
				CURRENT_PROJECT_VERSION = 1;
				DEVELOPMENT_TEAM = K2TYLYAWMK;
				GENERATE_INFOPLIST_FILE = YES;
				MARKETING_VERSION = 1.0;
				PRODUCT_BUNDLE_IDENTIFIER = "com.trending.movie.trending-movie-iosUITests";
				PRODUCT_NAME = "$(TARGET_NAME)";
				SUPPORTED_PLATFORMS = "iphoneos iphonesimulator";
				SUPPORTS_MACCATALYST = NO;
				SUPPORTS_MAC_DESIGNED_FOR_IPHONE_IPAD = NO;
				SUPPORTS_XR_DESIGNED_FOR_IPHONE_IPAD = NO;
				SWIFT_EMIT_LOC_STRINGS = NO;
				SWIFT_VERSION = 5.0;
				TARGETED_DEVICE_FAMILY = "1,2";
				TEST_TARGET_NAME = "trending-movie-ios";
			};
			name = Debug;
		};
		79A41D102C10103700910974 /* Release */ = {
			isa = XCBuildConfiguration;
			buildSettings = {
				CODE_SIGN_STYLE = Automatic;
				CURRENT_PROJECT_VERSION = 1;
				DEVELOPMENT_TEAM = K2TYLYAWMK;
				GENERATE_INFOPLIST_FILE = YES;
				MARKETING_VERSION = 1.0;
				PRODUCT_BUNDLE_IDENTIFIER = "com.trending.movie.trending-movie-iosUITests";
				PRODUCT_NAME = "$(TARGET_NAME)";
				SUPPORTED_PLATFORMS = "iphoneos iphonesimulator";
				SUPPORTS_MACCATALYST = NO;
				SUPPORTS_MAC_DESIGNED_FOR_IPHONE_IPAD = NO;
				SUPPORTS_XR_DESIGNED_FOR_IPHONE_IPAD = NO;
				SWIFT_EMIT_LOC_STRINGS = NO;
				SWIFT_VERSION = 5.0;
				TARGETED_DEVICE_FAMILY = "1,2";
				TEST_TARGET_NAME = "trending-movie-ios";
			};
			name = Release;
		};
/* End XCBuildConfiguration section */

/* Begin XCConfigurationList section */
		79A41CD62C10103500910974 /* Build configuration list for PBXProject "trending-movie-ios" */ = {
			isa = XCConfigurationList;
			buildConfigurations = (
				79A41D062C10103700910974 /* Debug */,
				79A41D072C10103700910974 /* Release */,
			);
			defaultConfigurationIsVisible = 0;
			defaultConfigurationName = Release;
		};
		79A41D082C10103700910974 /* Build configuration list for PBXNativeTarget "trending-movie-ios" */ = {
			isa = XCConfigurationList;
			buildConfigurations = (
				79A41D092C10103700910974 /* Debug */,
				79A41D0A2C10103700910974 /* Release */,
			);
			defaultConfigurationIsVisible = 0;
			defaultConfigurationName = Release;
		};
		79A41D0B2C10103700910974 /* Build configuration list for PBXNativeTarget "trending-movie-iosTests" */ = {
			isa = XCConfigurationList;
			buildConfigurations = (
				79A41D0C2C10103700910974 /* Debug */,
				79A41D0D2C10103700910974 /* Release */,
			);
			defaultConfigurationIsVisible = 0;
			defaultConfigurationName = Release;
		};
		79A41D0E2C10103700910974 /* Build configuration list for PBXNativeTarget "trending-movie-iosUITests" */ = {
			isa = XCConfigurationList;
			buildConfigurations = (
				79A41D0F2C10103700910974 /* Debug */,
				79A41D102C10103700910974 /* Release */,
			);
			defaultConfigurationIsVisible = 0;
			defaultConfigurationName = Release;
		};
/* End XCConfigurationList section */

/* Begin XCRemoteSwiftPackageReference section */
		F23802202E7FC3DC008BD4E5 /* XCRemoteSwiftPackageReference "Moya" */ = {
			isa = XCRemoteSwiftPackageReference;
			repositoryURL = "https://github.com/Moya/Moya.git";
			requirement = {
				kind = upToNextMajorVersion;
				minimumVersion = 15.0.3;
			};
		};
		F23802252E7FC3F0008BD4E5 /* XCRemoteSwiftPackageReference "Factory" */ = {
			isa = XCRemoteSwiftPackageReference;
			repositoryURL = "https://github.com/hmlongco/Factory";
			requirement = {
				kind = upToNextMajorVersion;
				minimumVersion = 2.5.3;
			};
		};
		F23808762E80FB2E008BD4E5 /* XCRemoteSwiftPackageReference "SDWebImage" */ = {
			isa = XCRemoteSwiftPackageReference;
			repositoryURL = "https://github.com/SDWebImage/SDWebImage.git";
			requirement = {
				kind = upToNextMajorVersion;
				minimumVersion = 5.21.2;
			};
		};
/* End XCRemoteSwiftPackageReference section */

/* Begin XCSwiftPackageProductDependency section */
		F23802212E7FC3DC008BD4E5 /* CombineMoya */ = {
			isa = XCSwiftPackageProductDependency;
			package = F23802202E7FC3DC008BD4E5 /* XCRemoteSwiftPackageReference "Moya" */;
			productName = CombineMoya;
		};
		F23802232E7FC3DC008BD4E5 /* Moya */ = {
			isa = XCSwiftPackageProductDependency;
			package = F23802202E7FC3DC008BD4E5 /* XCRemoteSwiftPackageReference "Moya" */;
			productName = Moya;
		};
		F23802262E7FC3F0008BD4E5 /* Factory */ = {
			isa = XCSwiftPackageProductDependency;
			package = F23802252E7FC3F0008BD4E5 /* XCRemoteSwiftPackageReference "Factory" */;
			productName = Factory;
		};
		F23802282E7FC3F0008BD4E5 /* FactoryKit */ = {
			isa = XCSwiftPackageProductDependency;
			package = F23802252E7FC3F0008BD4E5 /* XCRemoteSwiftPackageReference "Factory" */;
			productName = FactoryKit;
		};
		F23808772E80FB2F008BD4E5 /* SDWebImage */ = {
			isa = XCSwiftPackageProductDependency;
			package = F23808762E80FB2E008BD4E5 /* XCRemoteSwiftPackageReference "SDWebImage" */;
			productName = SDWebImage;
		};
/* End XCSwiftPackageProductDependency section */
	};
	rootObject = 79A41CD32C10103500910974 /* Project object */;
}
